
Microsoft Visual Studio Solution File, Format Version 12.00
# Visual Studio Version 16
VisualStudioVersion = 16.0.29920.165
MinimumVisualStudioVersion = 10.0.40219.1
Project("{9A19103F-16F7-4668-BE54-9A1E7A4F7556}") = "LinkedList.Core", "LinkedList.Core\LinkedList.Core.csproj", "{151EDD8A-8662-4EEF-9DB4-4D0FC94D9804}"
EndProject
Global
	GlobalSection(SolutionConfigurationPlatforms) = preSolution
		Debug|Any CPU = Debug|Any CPU
		Release|Any CPU = Release|Any CPU
	EndGlobalSection
	GlobalSection(ProjectConfigurationPlatforms) = postSolution
		{151EDD8A-8662-4EEF-9DB4-4D0FC94D9804}.Debug|Any CPU.ActiveCfg = Debug|Any CPU
		{151EDD8A-8662-4EEF-9DB4-4D0FC94D9804}.Debug|Any CPU.Build.0 = Debug|Any CPU
		{151EDD8A-8662-4EEF-9DB4-4D0FC94D9804}.Release|Any CPU.ActiveCfg = Release|Any CPU
		{151EDD8A-8662-4EEF-9DB4-4D0FC94D9804}.Release|Any CPU.Build.0 = Release|Any CPU
	EndGlobalSection
	GlobalSection(SolutionProperties) = preSolution
		HideSolutionNode = FALSE
	EndGlobalSection
	GlobalSection(ExtensibilityGlobals) = postSolution
		SolutionGuid = {B5124ABE-A0CB-4AD7-AA8D-AD273D8B40CB}
	EndGlobalSection
EndGlobal
